
Microsoft Visual Studio Solution File, Format Version 12.00
# Visual Studio 15
VisualStudioVersion = 15.0.26403.3
MinimumVisualStudioVersion = 10.0.40219.1
Project("{FAE04EC0-301F-11D3-BF4B-00C04F79EFBC}") = "CarRental", "CarRental\CarRental.csproj", "{30473EB8-FB37-4757-AE97-221BB7F224E6}"
EndProject
Project("{FAE04EC0-301F-11D3-BF4B-00C04F79EFBC}") = "CarRentalTests", "CarRentalTests\CarRentalTests.csproj", "{764F223C-7431-4811-A842-530D9BC71A49}"
EndProject
Project("{FAE04EC0-301F-11D3-BF4B-00C04F79EFBC}") = "Exceptions", "Exceptions\Exceptions.csproj", "{1E107D61-3999-4947-9C65-926BB571E099}"
EndProject
Project("{FAE04EC0-301F-11D3-BF4B-00C04F79EFBC}") = "JSONSerializer", "JSONSerializer\JSONSerializer.csproj", "{9977F0FA-AA79-4EBA-B0AA-F7A1EF94B260}"
EndProject
Global
	GlobalSection(SolutionConfigurationPlatforms) = preSolution
		Debug|Any CPU = Debug|Any CPU
		Release|Any CPU = Release|Any CPU
	EndGlobalSection
	GlobalSection(ProjectConfigurationPlatforms) = postSolution
		{30473EB8-FB37-4757-AE97-221BB7F224E6}.Debug|Any CPU.ActiveCfg = Debug|Any CPU
		{30473EB8-FB37-4757-AE97-221BB7F224E6}.Debug|Any CPU.Build.0 = Debug|Any CPU
		{30473EB8-FB37-4757-AE97-221BB7F224E6}.Release|Any CPU.ActiveCfg = Release|Any CPU
		{30473EB8-FB37-4757-AE97-221BB7F224E6}.Release|Any CPU.Build.0 = Release|Any CPU
		{764F223C-7431-4811-A842-530D9BC71A49}.Debug|Any CPU.ActiveCfg = Debug|Any CPU
		{764F223C-7431-4811-A842-530D9BC71A49}.Debug|Any CPU.Build.0 = Debug|Any CPU
		{764F223C-7431-4811-A842-530D9BC71A49}.Release|Any CPU.ActiveCfg = Release|Any CPU
		{764F223C-7431-4811-A842-530D9BC71A49}.Release|Any CPU.Build.0 = Release|Any CPU
		{1E107D61-3999-4947-9C65-926BB571E099}.Debug|Any CPU.ActiveCfg = Debug|Any CPU
		{1E107D61-3999-4947-9C65-926BB571E099}.Debug|Any CPU.Build.0 = Debug|Any CPU
		{1E107D61-3999-4947-9C65-926BB571E099}.Release|Any CPU.ActiveCfg = Release|Any CPU
		{1E107D61-3999-4947-9C65-926BB571E099}.Release|Any CPU.Build.0 = Release|Any CPU
		{9977F0FA-AA79-4EBA-B0AA-F7A1EF94B260}.Debug|Any CPU.ActiveCfg = Debug|Any CPU
		{9977F0FA-AA79-4EBA-B0AA-F7A1EF94B260}.Debug|Any CPU.Build.0 = Debug|Any CPU
		{9977F0FA-AA79-4EBA-B0AA-F7A1EF94B260}.Release|Any CPU.ActiveCfg = Release|Any CPU
		{9977F0FA-AA79-4EBA-B0AA-F7A1EF94B260}.Release|Any CPU.Build.0 = Release|Any CPU
	EndGlobalSection
	GlobalSection(SolutionProperties) = preSolution
		HideSolutionNode = FALSE
	EndGlobalSection
EndGlobal
